
Microsoft Visual Studio Solution File, Format Version 12.00
# Visual Studio Version 17
VisualStudioVersion = 17.14.36705.20 d17.14
MinimumVisualStudioVersion = 10.0.40219.1
Project("{FAE04EC0-301F-11D3-BF4B-00C04F79EFBC}") = "capa-datos", "capa-datos\capa-datos.csproj", "{B5481A20-6364-440A-A80B-2D16EAAA669C}"
EndProject
Project("{FAE04EC0-301F-11D3-BF4B-00C04F79EFBC}") = "capa-entidad", "capa-entidad\capa-entidad.csproj", "{E3B9108B-A4F7-4C2D-AA37-9C69DC34733C}"
EndProject
Project("{FAE04EC0-301F-11D3-BF4B-00C04F79EFBC}") = "capa-negocio", "capa-negocio\capa-negocio.csproj", "{1B1819A1-BBE7-40A2-8022-602D694F12C9}"
EndProject
Project("{FAE04EC0-301F-11D3-BF4B-00C04F79EFBC}") = "capa-presentacion", "capa-presentacion\capa-presentacion.csproj", "{6BF4E46A-1227-4A56-8BA6-1AEC53B140DE}"
EndProject
Global
	GlobalSection(SolutionConfigurationPlatforms) = preSolution
		Debug|Any CPU = Debug|Any CPU
		Release|Any CPU = Release|Any CPU
	EndGlobalSection
	GlobalSection(ProjectConfigurationPlatforms) = postSolution
		{B5481A20-6364-440A-A80B-2D16EAAA669C}.Debug|Any CPU.ActiveCfg = Debug|Any CPU
		{B5481A20-6364-440A-A80B-2D16EAAA669C}.Debug|Any CPU.Build.0 = Debug|Any CPU
		{B5481A20-6364-440A-A80B-2D16EAAA669C}.Release|Any CPU.ActiveCfg = Release|Any CPU
		{B5481A20-6364-440A-A80B-2D16EAAA669C}.Release|Any CPU.Build.0 = Release|Any CPU
		{E3B9108B-A4F7-4C2D-AA37-9C69DC34733C}.Debug|Any CPU.ActiveCfg = Debug|Any CPU
		{E3B9108B-A4F7-4C2D-AA37-9C69DC34733C}.Debug|Any CPU.Build.0 = Debug|Any CPU
		{E3B9108B-A4F7-4C2D-AA37-9C69DC34733C}.Release|Any CPU.ActiveCfg = Release|Any CPU
		{E3B9108B-A4F7-4C2D-AA37-9C69DC34733C}.Release|Any CPU.Build.0 = Release|Any CPU
		{1B1819A1-BBE7-40A2-8022-602D694F12C9}.Debug|Any CPU.ActiveCfg = Debug|Any CPU
		{1B1819A1-BBE7-40A2-8022-602D694F12C9}.Debug|Any CPU.Build.0 = Debug|Any CPU
		{1B1819A1-BBE7-40A2-8022-602D694F12C9}.Release|Any CPU.ActiveCfg = Release|Any CPU
		{1B1819A1-BBE7-40A2-8022-602D694F12C9}.Release|Any CPU.Build.0 = Release|Any CPU
		{6BF4E46A-1227-4A56-8BA6-1AEC53B140DE}.Debug|Any CPU.ActiveCfg = Debug|Any CPU
		{6BF4E46A-1227-4A56-8BA6-1AEC53B140DE}.Debug|Any CPU.Build.0 = Debug|Any CPU
		{6BF4E46A-1227-4A56-8BA6-1AEC53B140DE}.Release|Any CPU.ActiveCfg = Release|Any CPU
		{6BF4E46A-1227-4A56-8BA6-1AEC53B140DE}.Release|Any CPU.Build.0 = Release|Any CPU
	EndGlobalSection
	GlobalSection(SolutionProperties) = preSolution
		HideSolutionNode = FALSE
	EndGlobalSection
	GlobalSection(ExtensibilityGlobals) = postSolution
		SolutionGuid = {BA3134BE-64A0-419F-9AB2-B0B377D78D76}
	EndGlobalSection
EndGlobal
